set_global_assignment -name FAMILY "Cyclone IV E"
set_global_assignment -name DEVICE EP4CE15F17C8
set_global_assignment -name TOP_LEVEL_ENTITY debug_rx_scan_top
set_global_assignment -name PROJECT_OUTPUT_DIRECTORY output_files
set_global_assignment -name VERILOG_FILE "src/debug_rx_scan_top.v"
set_global_assignment -name SDC_FILE "debug-rx-scan.sdc"

set_location_assignment PIN_E1 -to clk
set_location_assignment PIN_L2 -to nrst
set_location_assignment PIN_K1 -to tx_en
set_location_assignment PIN_D6 -to tx_dout
set_location_assignment PIN_T2 -to led_din

set_location_assignment PIN_A2 -to p00
set_location_assignment PIN_A3 -to p01
set_location_assignment PIN_A4 -to p02
set_location_assignment PIN_A5 -to p03
set_location_assignment PIN_A6 -to p04
set_location_assignment PIN_B3 -to p05
set_location_assignment PIN_B4 -to p06
set_location_assignment PIN_B5 -to p07
set_location_assignment PIN_B6 -to p08
set_location_assignment PIN_B7 -to p09
set_location_assignment PIN_C3 -to p10
set_location_assignment PIN_C6 -to p11
set_location_assignment PIN_C8 -to p12
set_location_assignment PIN_D3 -to p13
set_location_assignment PIN_D5 -to p14
set_location_assignment PIN_D8 -to p15
set_location_assignment PIN_E6 -to p16
set_location_assignment PIN_E7 -to p17
set_location_assignment PIN_E8 -to p18
set_location_assignment PIN_F8 -to p19
set_location_assignment PIN_A7 -to p20
set_location_assignment PIN_A10 -to p21
set_location_assignment PIN_A11 -to p22
set_location_assignment PIN_B10 -to p23
set_location_assignment PIN_B11 -to p24

set_instance_assignment -name IO_STANDARD "3.3-V LVTTL" -to clk
set_instance_assignment -name IO_STANDARD "3.3-V LVTTL" -to nrst
set_instance_assignment -name IO_STANDARD "3.3-V LVTTL" -to tx_en
set_instance_assignment -name IO_STANDARD "3.3-V LVTTL" -to tx_dout
set_instance_assignment -name IO_STANDARD "3.3-V LVTTL" -to led_din
set_instance_assignment -name IO_STANDARD "3.3-V LVTTL" -to p00
set_instance_assignment -name IO_STANDARD "3.3-V LVTTL" -to p01
set_instance_assignment -name IO_STANDARD "3.3-V LVTTL" -to p02
set_instance_assignment -name IO_STANDARD "3.3-V LVTTL" -to p03
set_instance_assignment -name IO_STANDARD "3.3-V LVTTL" -to p04
set_instance_assignment -name IO_STANDARD "3.3-V LVTTL" -to p05
set_instance_assignment -name IO_STANDARD "3.3-V LVTTL" -to p06
set_instance_assignment -name IO_STANDARD "3.3-V LVTTL" -to p07
set_instance_assignment -name IO_STANDARD "3.3-V LVTTL" -to p08
set_instance_assignment -name IO_STANDARD "3.3-V LVTTL" -to p09
set_instance_assignment -name IO_STANDARD "3.3-V LVTTL" -to p10
set_instance_assignment -name IO_STANDARD "3.3-V LVTTL" -to p11
set_instance_assignment -name IO_STANDARD "3.3-V LVTTL" -to p12
set_instance_assignment -name IO_STANDARD "3.3-V LVTTL" -to p13
set_instance_assignment -name IO_STANDARD "3.3-V LVTTL" -to p14
set_instance_assignment -name IO_STANDARD "3.3-V LVTTL" -to p15
set_instance_assignment -name IO_STANDARD "3.3-V LVTTL" -to p16
set_instance_assignment -name IO_STANDARD "3.3-V LVTTL" -to p17
set_instance_assignment -name IO_STANDARD "3.3-V LVTTL" -to p18
set_instance_assignment -name IO_STANDARD "3.3-V LVTTL" -to p19
set_instance_assignment -name IO_STANDARD "3.3-V LVTTL" -to p20
set_instance_assignment -name IO_STANDARD "3.3-V LVTTL" -to p21
set_instance_assignment -name IO_STANDARD "3.3-V LVTTL" -to p22
set_instance_assignment -name IO_STANDARD "3.3-V LVTTL" -to p23
set_instance_assignment -name IO_STANDARD "3.3-V LVTTL" -to p24

set_instance_assignment -name WEAK_PULL_UP_RESISTOR ON -to p00
set_instance_assignment -name WEAK_PULL_UP_RESISTOR ON -to p01
set_instance_assignment -name WEAK_PULL_UP_RESISTOR ON -to p02
set_instance_assignment -name WEAK_PULL_UP_RESISTOR ON -to p03
set_instance_assignment -name WEAK_PULL_UP_RESISTOR ON -to p04
set_instance_assignment -name WEAK_PULL_UP_RESISTOR ON -to p05
set_instance_assignment -name WEAK_PULL_UP_RESISTOR ON -to p06
set_instance_assignment -name WEAK_PULL_UP_RESISTOR ON -to p07
set_instance_assignment -name WEAK_PULL_UP_RESISTOR ON -to p08
set_instance_assignment -name WEAK_PULL_UP_RESISTOR ON -to p09
set_instance_assignment -name WEAK_PULL_UP_RESISTOR ON -to p10
set_instance_assignment -name WEAK_PULL_UP_RESISTOR ON -to p11
set_instance_assignment -name WEAK_PULL_UP_RESISTOR ON -to p12
set_instance_assignment -name WEAK_PULL_UP_RESISTOR ON -to p13
set_instance_assignment -name WEAK_PULL_UP_RESISTOR ON -to p14
set_instance_assignment -name WEAK_PULL_UP_RESISTOR ON -to p15
set_instance_assignment -name WEAK_PULL_UP_RESISTOR ON -to p16
set_instance_assignment -name WEAK_PULL_UP_RESISTOR ON -to p17
set_instance_assignment -name WEAK_PULL_UP_RESISTOR ON -to p18
set_instance_assignment -name WEAK_PULL_UP_RESISTOR ON -to p19
set_instance_assignment -name WEAK_PULL_UP_RESISTOR ON -to p20
set_instance_assignment -name WEAK_PULL_UP_RESISTOR ON -to p21
set_instance_assignment -name WEAK_PULL_UP_RESISTOR ON -to p22
set_instance_assignment -name WEAK_PULL_UP_RESISTOR ON -to p23
set_instance_assignment -name WEAK_PULL_UP_RESISTOR ON -to p24

set_global_assignment -name LAST_QUARTUS_VERSION "25.1std.0 Lite Edition"
